
Microsoft Visual Studio Solution File, Format Version 12.00
# Visual Studio 15
VisualStudioVersion = 15.0.27703.2035
MinimumVisualStudioVersion = 10.0.40219.1
Project("{FAE04EC0-301F-11D3-BF4B-00C04F79EFBC}") = "WebApiDemo", "WebApiDemo\WebApiDemo.csproj", "{7F6EFEF2-04BC-4CC8-95FF-A6FEC37B41D5}"
EndProject
Global
	GlobalSection(SolutionConfigurationPlatforms) = preSolution
		Debug|Any CPU = Debug|Any CPU
		Release|Any CPU = Release|Any CPU
	EndGlobalSection
	GlobalSection(ProjectConfigurationPlatforms) = postSolution
		{7F6EFEF2-04BC-4CC8-95FF-A6FEC37B41D5}.Debug|Any CPU.ActiveCfg = Debug|Any CPU
		{7F6EFEF2-04BC-4CC8-95FF-A6FEC37B41D5}.Debug|Any CPU.Build.0 = Debug|Any CPU
		{7F6EFEF2-04BC-4CC8-95FF-A6FEC37B41D5}.Release|Any CPU.ActiveCfg = Release|Any CPU
		{7F6EFEF2-04BC-4CC8-95FF-A6FEC37B41D5}.Release|Any CPU.Build.0 = Release|Any CPU
	EndGlobalSection
	GlobalSection(SolutionProperties) = preSolution
		HideSolutionNode = FALSE
	EndGlobalSection
	GlobalSection(ExtensibilityGlobals) = postSolution
		SolutionGuid = {DFAB7481-F151-4E93-B98C-4FDDEC68F993}
	EndGlobalSection
EndGlobal
